
Microsoft Visual Studio Solution File, Format Version 12.00
# Visual Studio Version 17
VisualStudioVersion = 17.4.33110.190
MinimumVisualStudioVersion = 10.0.40219.1
Project("{FAE04EC0-301F-11D3-BF4B-00C04F79EFBC}") = "MatchingPictures", "MatchingPictures\MatchingPictures.csproj", "{AD9A44A5-50D8-4F1D-B5E9-6D692A4A5FD1}"
EndProject
Global
	GlobalSection(SolutionConfigurationPlatforms) = preSolution
		Debug|Any CPU = Debug|Any CPU
		Release|Any CPU = Release|Any CPU
	EndGlobalSection
	GlobalSection(ProjectConfigurationPlatforms) = postSolution
		{AD9A44A5-50D8-4F1D-B5E9-6D692A4A5FD1}.Debug|Any CPU.ActiveCfg = Debug|Any CPU
		{AD9A44A5-50D8-4F1D-B5E9-6D692A4A5FD1}.Debug|Any CPU.Build.0 = Debug|Any CPU
		{AD9A44A5-50D8-4F1D-B5E9-6D692A4A5FD1}.Release|Any CPU.ActiveCfg = Release|Any CPU
		{AD9A44A5-50D8-4F1D-B5E9-6D692A4A5FD1}.Release|Any CPU.Build.0 = Release|Any CPU
	EndGlobalSection
	GlobalSection(SolutionProperties) = preSolution
		HideSolutionNode = FALSE
	EndGlobalSection
	GlobalSection(ExtensibilityGlobals) = postSolution
		SolutionGuid = {F720786C-C5AB-46C0-97A4-DABBD853A85C}
	EndGlobalSection
EndGlobal
